
Microsoft Visual Studio Solution File, Format Version 12.00
# Visual Studio 14
VisualStudioVersion = 14.0.25123.0
MinimumVisualStudioVersion = 10.0.40219.1
Project("{FAE04EC0-301F-11D3-BF4B-00C04F79EFBC}") = "PublicidadSolution", "PublicidadSolution\PublicidadSolution.csproj", "{BCDD4E0A-F94F-4365-AE82-7DC6C74396CC}"
EndProject
Project("{FAE04EC0-301F-11D3-BF4B-00C04F79EFBC}") = "JsonMapping", "JsonMapping\JsonMapping.csproj", "{A1D0CF96-CAED-4CCE-AE74-42197B0451A7}"
EndProject
Global
	GlobalSection(SolutionConfigurationPlatforms) = preSolution
		Debug|Any CPU = Debug|Any CPU
		Release|Any CPU = Release|Any CPU
	EndGlobalSection
	GlobalSection(ProjectConfigurationPlatforms) = postSolution
		{BCDD4E0A-F94F-4365-AE82-7DC6C74396CC}.Debug|Any CPU.ActiveCfg = Debug|Any CPU
		{BCDD4E0A-F94F-4365-AE82-7DC6C74396CC}.Debug|Any CPU.Build.0 = Debug|Any CPU
		{BCDD4E0A-F94F-4365-AE82-7DC6C74396CC}.Release|Any CPU.ActiveCfg = Release|Any CPU
		{BCDD4E0A-F94F-4365-AE82-7DC6C74396CC}.Release|Any CPU.Build.0 = Release|Any CPU
		{A1D0CF96-CAED-4CCE-AE74-42197B0451A7}.Debug|Any CPU.ActiveCfg = Debug|Any CPU
		{A1D0CF96-CAED-4CCE-AE74-42197B0451A7}.Debug|Any CPU.Build.0 = Debug|Any CPU
		{A1D0CF96-CAED-4CCE-AE74-42197B0451A7}.Release|Any CPU.ActiveCfg = Release|Any CPU
		{A1D0CF96-CAED-4CCE-AE74-42197B0451A7}.Release|Any CPU.Build.0 = Release|Any CPU
	EndGlobalSection
	GlobalSection(SolutionProperties) = preSolution
		HideSolutionNode = FALSE
	EndGlobalSection
EndGlobal
